github.com/approvals/go-approval-tests v1.1.0 h1:F8gaTl3QMSV6Jz3/fx3nsDQACckf6hdoOt4dPO5SbPI=
github.com/approvals/go-approval-tests v1.1.0/go.mod h1:Jw45q7bEifPpUkRU2S5GCthnwDxMUWPHTGcNewVh6mw=
github.com/gomarkdown/markdown v0.0.0-20241205020045-f7e15b2f3e62 h1:pbAFUZisjG4s6sxvRJvf2N7vhpCvx2Oxb3PmS6pDO1g=
github.com/gomarkdown/markdown v0.0.0-20241205020045-f7e15b2f3e62/go.mod h1:JDGcbDT52eL4fju3sZ4TeHGsQwhG9nbDV21aMyhwPoA=
github.com/quii/go-graceful-shutdown v0.6.0 h1:IIg2CnIdQWk/0yN+MOXdD5BJfa2CadfI50G7k+MopuU=
github.com/quii/go-graceful-shutdown v0.6.0/go.mod h1:ovmTZZhfF99Z1JEmQjMzf+YelQDbUQ0L/E/fc5KFdiM=
golang.org/x/exp v0.0.0-20250128182459-e0ece0dbea4c h1:KL/ZBHXgKGVmuZBZ01Lt57yE5ws8ZPSkkihmEyq7FXc=
golang.org/x/exp v0.0.0-20250128182459-e0ece0dbea4c/go.mod h1:tujkw807nyEEAamNbDrEGzRav+ilXA7PCRAd6xsmwiU=
